// !$*UTF8*$!
{
	archiveVersion = 1;
	classes = {
	};
	objectVersion = 50;
	objects = {

/* Begin PBXBuildFile section */
		A21BCB4121B3090000511519 /* AppDelegate.swift in Sources */ = {isa = PBXBuildFile; fileRef = A21BCB4021B3090000511519 /* AppDelegate.swift */; };
		A21BCB4321B3090000511519 /* ViewController.swift in Sources */ = {isa = PBXBuildFile; fileRef = A21BCB4221B3090000511519 /* ViewController.swift */; };
		A21BCB4621B3090000511519 /* Main.storyboard in Resources */ = {isa = PBXBuildFile; fileRef = A21BCB4421B3090000511519 /* Main.storyboard */; };
		A21BCB4921B3090000511519 /* Project_swift.xcdatamodeld in Sources */ = {isa = PBXBuildFile; fileRef = A21BCB4721B3090000511519 /* Project_swift.xcdatamodeld */; };
		A21BCB4B21B3090000511519 /* Assets.xcassets in Resources */ = {isa = PBXBuildFile; fileRef = A21BCB4A21B3090000511519 /* Assets.xcassets */; };
		A21BCB4E21B3090000511519 /* LaunchScreen.storyboard in Resources */ = {isa = PBXBuildFile; fileRef = A21BCB4C21B3090000511519 /* LaunchScreen.storyboard */; };
/* End PBXBuildFile section */

/* Begin PBXFileReference section */
		A21BCB3D21B3090000511519 /* Project_swift.app */ = {isa = PBXFileReference; explicitFileType = wrapper.application; includeInIndex = 0; path = Project_swift.app; sourceTree = BUILT_PRODUCTS_DIR; };
		A21BCB4021B3090000511519 /* AppDelegate.swift */ = {isa = PBXFileReference; lastKnownFileType = sourcecode.swift; path = AppDelegate.swift; sourceTree = "<group>"; };
		A21BCB4221B3090000511519 /* ViewController.swift */ = {isa = PBXFileReference; lastKnownFileType = sourcecode.swift; path = ViewController.swift; sourceTree = "<group>"; };
		A21BCB4521B3090000511519 /* Base */ = {isa = PBXFileReference; lastKnownFileType = file.storyboard; name = Base; path = Base.lproj/Main.storyboard; sourceTree = "<group>"; };
		A21BCB4821B3090000511519 /* Project_swift.xcdatamodel */ = {isa = PBXFileReference; lastKnownFileType = wrapper.xcdatamodel; path = Project_swift.xcdatamodel; sourceTree = "<group>"; };
		A21BCB4A21B3090000511519 /* Assets.xcassets */ = {isa = PBXFileReference; lastKnownFileType = folder.assetcatalog; path = Assets.xcassets; sourceTree = "<group>"; };
		A21BCB4D21B3090000511519 /* Base */ = {isa = PBXFileReference; lastKnownFileType = file.storyboard; name = Base; path = Base.lproj/LaunchScreen.storyboard; sourceTree = "<group>"; };
		A21BCB4F21B3090000511519 /* Info.plist */ = {isa = PBXFileReference; lastKnownFileType = text.plist.xml; path = Info.plist; sourceTree = "<group>"; };
/* End PBXFileReference section */

/* Begin PBXFrameworksBuildPhase section */
		A21BCB3A21B3090000511519 /* Frameworks */ = {
			isa = PBXFrameworksBuildPhase;
			buildActionMask = 2147483647;
			files = (
			);
			runOnlyForDeploymentPostprocessing = 0;
		};
/* End PBXFrameworksBuildPhase section */

/* Begin PBXGroup section */
		A21BCB3421B3090000511519 = {
			isa = PBXGroup;
			children = (
				A21BCB3F21B3090000511519 /* Project_swift */,
				A21BCB3E21B3090000511519 /* Products */,
			);
			sourceTree = "<group>";
		};
		A21BCB3E21B3090000511519 /* Products */ = {
			isa = PBXGroup;
			children = (
				A21BCB3D21B3090000511519 /* Project_swift.app */,
			);
			name = Products;
			sourceTree = "<group>";
		};
		A21BCB3F21B3090000511519 /* Project_swift */ = {
			isa = PBXGroup;
			children = (
				A21BCB4021B3090000511519 /* AppDelegate.swift */,
				A21BCB4221B3090000511519 /* ViewController.swift */,
				A21BCB4421B3090000511519 /* Main.storyboard */,
				A21BCB4A21B3090000511519 /* Assets.xcassets */,
				A21BCB4C21B3090000511519 /* LaunchScreen.storyboard */,
				A21BCB4F21B3090000511519 /* Info.plist */,
				A21BCB4721B3090000511519 /* Project_swift.xcdatamodeld */,
			);
			path = Project_swift;
			sourceTree = "<group>";
		};
/* End PBXGroup section */

/* Begin PBXNativeTarget section */
		A21BCB3C21B3090000511519 /* Project_swift */ = {
			isa = PBXNativeTarget;
			buildConfigurationList = A21BCB5221B3090000511519 /* Build configuration list for PBXNativeTarget "Project_swift" */;
			buildPhases = (
				A21BCB3921B3090000511519 /* Sources */,
				A21BCB3A21B3090000511519 /* Frameworks */,
				A21BCB3B21B3090000511519 /* Resources */,
			);
			buildRules = (
			);
			dependencies = (
			);
			name = Project_swift;
			productName = Project_swift;
			productReference = A21BCB3D21B3090000511519 /* Project_swift.app */;
			productType = "com.apple.product-type.application";
		};
/* End PBXNativeTarget section */

/* Begin PBXProject section */
		A21BCB3521B3090000511519 /* Project object */ = {
			isa = PBXProject;
			attributes = {
				LastSwiftUpdateCheck = 1010;
				LastUpgradeCheck = 1010;
				ORGANIZATIONNAME = wendy;
				TargetAttributes = {
					A21BCB3C21B3090000511519 = {
						CreatedOnToolsVersion = 10.1;
					};
				};
			};
			buildConfigurationList = A21BCB3821B3090000511519 /* Build configuration list for PBXProject "Project_swift" */;
			compatibilityVersion = "Xcode 9.3";
			developmentRegion = en;
			hasScannedForEncodings = 0;
			knownRegions = (
				en,
				Base,
			);
			mainGroup = A21BCB3421B3090000511519;
			productRefGroup = A21BCB3E21B3090000511519 /* Products */;
			projectDirPath = "";
			projectRoot = "";
			targets = (
				A21BCB3C21B3090000511519 /* Project_swift */,
			);
		};
/* End PBXProject section */

/* Begin PBXResourcesBuildPhase section */
		A21BCB3B21B3090000511519 /* Resources */ = {
			isa = PBXResourcesBuildPhase;
			buildActionMask = 2147483647;
			files = (
				A21BCB4E21B3090000511519 /* LaunchScreen.storyboard in Resources */,
				A21BCB4B21B3090000511519 /* Assets.xcassets in Resources */,
				A21BCB4621B3090000511519 /* Main.storyboard in Resources */,
			);
			runOnlyForDeploymentPostprocessing = 0;
		};
/* End PBXResourcesBuildPhase section */

/* Begin PBXSourcesBuildPhase section */
		A21BCB3921B3090000511519 /* Sources */ = {
			isa = PBXSourcesBuildPhase;
			buildActionMask = 2147483647;
			files = (
				A21BCB4321B3090000511519 /* ViewController.swift in Sources */,
				A21BCB4121B3090000511519 /* AppDelegate.swift in Sources */,
				A21BCB4921B3090000511519 /* Project_swift.xcdatamodeld in Sources */,
			);
			runOnlyForDeploymentPostprocessing = 0;
		};
/* End PBXSourcesBuildPhase section */

/* Begin PBXVariantGroup section */
		A21BCB4421B3090000511519 /* Main.storyboard */ = {
			isa = PBXVariantGroup;
			children = (
				A21BCB4521B3090000511519 /* Base */,
			);
			name = Main.storyboard;
			sourceTree = "<group>";
		};
		A21BCB4C21B3090000511519 /* LaunchScreen.storyboard */ = {
			isa = PBXVariantGroup;
			children = (
				A21BCB4D21B3090000511519 /* Base */,
			);
			name = LaunchScreen.storyboard;
			sourceTree = "<group>";
		};
/* End PBXVariantGroup section */

/* Begin XCBuildConfiguration section */
		A21BCB5021B3090000511519 /* Debug */ = {
			isa = XCBuildConfiguration;
			buildSettings = {
				ALWAYS_SEARCH_USER_PATHS = NO;
				CLANG_ANALYZER_NONNULL = YES;
				CLANG_ANALYZER_NUMBER_OBJECT_CONVERSION = YES_AGGRESSIVE;
				CLANG_CXX_LANGUAGE_STANDARD = "gnu++14";
				CLANG_CXX_LIBRARY = "libc++";
				CLANG_ENABLE_MODULES = YES;
				CLANG_ENABLE_OBJC_ARC = YES;
				CLANG_ENABLE_OBJC_WEAK = YES;
				CLANG_WARN_BLOCK_CAPTURE_AUTORELEASING = YES;
				CLANG_WARN_BOOL_CONVERSION = YES;
				CLANG_WARN_COMMA = YES;
				CLANG_WARN_CONSTANT_CONVERSION = YES;
				CLANG_WARN_DEPRECATED_OBJC_IMPLEMENTATIONS = YES;
				CLANG_WARN_DIRECT_OBJC_ISA_USAGE = YES_ERROR;
				CLANG_WARN_DOCUMENTATION_COMMENTS = YES;
				CLANG_WARN_EMPTY_BODY = YES;
				CLANG_WARN_ENUM_CONVERSION = YES;
				CLANG_WARN_INFINITE_RECURSION = YES;
				CLANG_WARN_INT_CONVERSION = YES;
				CLANG_WARN_NON_LITERAL_NULL_CONVERSION = YES;
				CLANG_WARN_OBJC_IMPLICIT_RETAIN_SELF = YES;
				CLANG_WARN_OBJC_LITERAL_CONVERSION = YES;
				CLANG_WARN_OBJC_ROOT_CLASS = YES_ERROR;
				CLANG_WARN_RANGE_LOOP_ANALYSIS = YES;
				CLANG_WARN_STRICT_PROTOTYPES = YES;
				CLANG_WARN_SUSPICIOUS_MOVE = YES;
				CLANG_WARN_UNGUARDED_AVAILABILITY = YES_AGGRESSIVE;
				CLANG_WARN_UNREACHABLE_CODE = YES;
				CLANG_WARN__DUPLICATE_METHOD_MATCH = YES;
				CODE_SIGN_IDENTITY = "iPhone Developer";
				COPY_PHASE_STRIP = NO;
				DEBUG_INFORMATION_FORMAT = dwarf;
				ENABLE_STRICT_OBJC_MSGSEND = YES;
				ENABLE_TESTABILITY = YES;
				GCC_C_LANGUAGE_STANDARD = gnu11;
				GCC_DYNAMIC_NO_PIC = NO;
				GCC_NO_COMMON_BLOCKS = YES;
				GCC_OPTIMIZATION_LEVEL = 0;
				GCC_PREPROCESSOR_DEFINITIONS = (
					"DEBUG=1",
					"$(inherited)",
				);
				GCC_WARN_64_TO_32_BIT_CONVERSION = YES;
				GCC_WARN_ABOUT_RETURN_TYPE = YES_ERROR;
				GCC_WARN_UNDECLARED_SELECTOR = YES;
				GCC_WARN_UNINITIALIZED_AUTOS = YES_AGGRESSIVE;
				GCC_WARN_UNUSED_FUNCTION = YES;
				GCC_WARN_UNUSED_VARIABLE = YES;
				IPHONEOS_DEPLOYMENT_TARGET = 12.1;
				MTL_ENABLE_DEBUG_INFO = INCLUDE_SOURCE;
				MTL_FAST_MATH = YES;
				ONLY_ACTIVE_ARCH = YES;
				SDKROOT = iphoneos;
				SWIFT_ACTIVE_COMPILATION_CONDITIONS = DEBUG;
				SWIFT_OPTIMIZATION_LEVEL = "-Onone";
			};
			name = Debug;
		};
		A21BCB5121B3090000511519 /* Release */ = {
			isa = XCBuildConfiguration;
			buildSettings = {
				ALWAYS_SEARCH_USER_PATHS = NO;
				CLANG_ANALYZER_NONNULL = YES;
				CLANG_ANALYZER_NUMBER_OBJECT_CONVERSION = YES_AGGRESSIVE;
				CLANG_CXX_LANGUAGE_STANDARD = "gnu++14";
				CLANG_CXX_LIBRARY = "libc++";
				CLANG_ENABLE_MODULES = YES;
				CLANG_ENABLE_OBJC_ARC = YES;
				CLANG_ENABLE_OBJC_WEAK = YES;
				CLANG_WARN_BLOCK_CAPTURE_AUTORELEASING = YES;
				CLANG_WARN_BOOL_CONVERSION = YES;
				CLANG_WARN_COMMA = YES;
				CLANG_WARN_CONSTANT_CONVERSION = YES;
				CLANG_WARN_DEPRECATED_OBJC_IMPLEMENTATIONS = YES;
				CLANG_WARN_DIRECT_OBJC_ISA_USAGE = YES_ERROR;
				CLANG_WARN_DOCUMENTATION_COMMENTS = YES;
				CLANG_WARN_EMPTY_BODY = YES;
				CLANG_WARN_ENUM_CONVERSION = YES;
				CLANG_WARN_INFINITE_RECURSION = YES;
				CLANG_WARN_INT_CONVERSION = YES;
				CLANG_WARN_NON_LITERAL_NULL_CONVERSION = YES;
				CLANG_WARN_OBJC_IMPLICIT_RETAIN_SELF = YES;
				CLANG_WARN_OBJC_LITERAL_CONVERSION = YES;
				CLANG_WARN_OBJC_ROOT_CLASS = YES_ERROR;
				CLANG_WARN_RANGE_LOOP_ANALYSIS = YES;
				CLANG_WARN_STRICT_PROTOTYPES = YES;
				CLANG_WARN_SUSPICIOUS_MOVE = YES;
				CLANG_WARN_UNGUARDED_AVAILABILITY = YES_AGGRESSIVE;
				CLANG_WARN_UNREACHABLE_CODE = YES;
				CLANG_WARN__DUPLICATE_METHOD_MATCH = YES;
				CODE_SIGN_IDENTITY = "iPhone Developer";
				COPY_PHASE_STRIP = NO;
				DEBUG_INFORMATION_FORMAT = "dwarf-with-dsym";
				ENABLE_NS_ASSERTIONS = NO;
				ENABLE_STRICT_OBJC_MSGSEND = YES;
				GCC_C_LANGUAGE_STANDARD = gnu11;
				GCC_NO_COMMON_BLOCKS = YES;
				GCC_WARN_64_TO_32_BIT_CONVERSION = YES;
				GCC_WARN_ABOUT_RETURN_TYPE = YES_ERROR;
				GCC_WARN_UNDECLARED_SELECTOR = YES;
				GCC_WARN_UNINITIALIZED_AUTOS = YES_AGGRESSIVE;
				GCC_WARN_UNUSED_FUNCTION = YES;
				GCC_WARN_UNUSED_VARIABLE = YES;
				IPHONEOS_DEPLOYMENT_TARGET = 12.1;
				MTL_ENABLE_DEBUG_INFO = NO;
				MTL_FAST_MATH = YES;
				SDKROOT = iphoneos;
				SWIFT_COMPILATION_MODE = wholemodule;
				SWIFT_OPTIMIZATION_LEVEL = "-O";
				VALIDATE_PRODUCT = YES;
			};
			name = Release;
		};
		A21BCB5321B3090000511519 /* Debug */ = {
			isa = XCBuildConfiguration;
			buildSettings = {
				ASSETCATALOG_COMPILER_APPICON_NAME = AppIcon;
				CODE_SIGN_STYLE = Automatic;
				INFOPLIST_FILE = Project_swift/Info.plist;
				LD_RUNPATH_SEARCH_PATHS = (
					"$(inherited)",
					"@executable_path/Frameworks",
				);
				PRODUCT_BUNDLE_IDENTIFIER = "wendy.Project-swift";
				PRODUCT_NAME = "$(TARGET_NAME)";
				SWIFT_VERSION = 4.2;
				TARGETED_DEVICE_FAMILY = "1,2";
			};
			name = Debug;
		};
		A21BCB5421B3090000511519 /* Release */ = {
			isa = XCBuildConfiguration;
			buildSettings = {
				ASSETCATALOG_COMPILER_APPICON_NAME = AppIcon;
				CODE_SIGN_STYLE = Automatic;
				INFOPLIST_FILE = Project_swift/Info.plist;
				LD_RUNPATH_SEARCH_PATHS = (
					"$(inherited)",
					"@executable_path/Frameworks",
				);
				PRODUCT_BUNDLE_IDENTIFIER = "wendy.Project-swift";
				PRODUCT_NAME = "$(TARGET_NAME)";
				SWIFT_VERSION = 4.2;
				TARGETED_DEVICE_FAMILY = "1,2";
			};
			name = Release;
		};
/* End XCBuildConfiguration section */

/* Begin XCConfigurationList section */
		A21BCB3821B3090000511519 /* Build configuration list for PBXProject "Project_swift" */ = {
			isa = XCConfigurationList;
			buildConfigurations = (
				A21BCB5021B3090000511519 /* Debug */,
				A21BCB5121B3090000511519 /* Release */,
			);
			defaultConfigurationIsVisible = 0;
			defaultConfigurationName = Release;
		};
		A21BCB5221B3090000511519 /* Build configuration list for PBXNativeTarget "Project_swift" */ = {
			isa = XCConfigurationList;
			buildConfigurations = (
				A21BCB5321B3090000511519 /* Debug */,
				A21BCB5421B3090000511519 /* Release */,
			);
			defaultConfigurationIsVisible = 0;
			defaultConfigurationName = Release;
		};
/* End XCConfigurationList section */

/* Begin XCVersionGroup section */
		A21BCB4721B3090000511519 /* Project_swift.xcdatamodeld */ = {
			isa = XCVersionGroup;
			children = (
				A21BCB4821B3090000511519 /* Project_swift.xcdatamodel */,
			);
			currentVersion = A21BCB4821B3090000511519 /* Project_swift.xcdatamodel */;
			path = Project_swift.xcdatamodeld;
			sourceTree = "<group>";
			versionGroupType = wrapper.xcdatamodel;
		};
/* End XCVersionGroup section */
	};
	rootObject = A21BCB3521B3090000511519 /* Project object */;
}
